
Microsoft Visual Studio Solution File, Format Version 12.00
# Visual Studio 2012
Project("{FAE04EC0-301F-11D3-BF4B-00C04F79EFBC}") = "Jypeli.Linux", "Jypeli.Linux.csproj", "{E8ED1AC3-67CC-46E0-B708-B51E130FE9EA}"
EndProject
Global
	GlobalSection(SolutionConfigurationPlatforms) = preSolution
		Debug|Any CPU = Debug|Any CPU
		Release|Any CPU = Release|Any CPU
	EndGlobalSection
	GlobalSection(ProjectConfigurationPlatforms) = postSolution
		{E8ED1AC3-67CC-46E0-B708-B51E130FE9EA}.Debug|Any CPU.ActiveCfg = Debug|Any CPU
		{E8ED1AC3-67CC-46E0-B708-B51E130FE9EA}.Debug|Any CPU.Build.0 = Debug|Any CPU
		{E8ED1AC3-67CC-46E0-B708-B51E130FE9EA}.Release|Any CPU.ActiveCfg = Release|Any CPU
		{E8ED1AC3-67CC-46E0-B708-B51E130FE9EA}.Release|Any CPU.Build.0 = Release|Any CPU
	EndGlobalSection
EndGlobal
