
Microsoft Visual Studio Solution File, Format Version 12.00
# Visual Studio 2012
Project("{FAE04EC0-301F-11D3-BF4B-00C04F79EFBC}") = "SimplePhysics-VS2012", "SimplePhysics-VS2012.csproj", "{7E51D9E3-3B1F-44D5-8376-90253690C95A}"
EndProject
Project("{FAE04EC0-301F-11D3-BF4B-00C04F79EFBC}") = "MonoGame.Framework.WindowsGL", "..\MonoGame\MonoGame.Framework\MonoGame.Framework.WindowsGL.csproj", "{DA65B249-9290-4A09-A48C-443A65845583}"
EndProject
Project("{FAE04EC0-301F-11D3-BF4B-00C04F79EFBC}") = "Jypeli-VS2012", "..\Jypeli\Jypeli-VS2012.csproj", "{76CC55A2-BECE-4F80-B491-DDCAB9F061FB}"
EndProject
Global
	GlobalSection(SolutionConfigurationPlatforms) = preSolution
		Debug|Any CPU = Debug|Any CPU
		Debug|Mixed Platforms = Debug|Mixed Platforms
		Debug|x86 = Debug|x86
		Release|Any CPU = Release|Any CPU
		Release|Mixed Platforms = Release|Mixed Platforms
		Release|x86 = Release|x86
	EndGlobalSection
	GlobalSection(ProjectConfigurationPlatforms) = postSolution
		{7E51D9E3-3B1F-44D5-8376-90253690C95A}.Debug|Any CPU.ActiveCfg = Debug|Any CPU
		{7E51D9E3-3B1F-44D5-8376-90253690C95A}.Debug|Any CPU.Build.0 = Debug|Any CPU
		{7E51D9E3-3B1F-44D5-8376-90253690C95A}.Debug|Mixed Platforms.ActiveCfg = Debug|Any CPU
		{7E51D9E3-3B1F-44D5-8376-90253690C95A}.Debug|Mixed Platforms.Build.0 = Debug|Any CPU
		{7E51D9E3-3B1F-44D5-8376-90253690C95A}.Debug|x86.ActiveCfg = Debug|Any CPU
		{7E51D9E3-3B1F-44D5-8376-90253690C95A}.Release|Any CPU.ActiveCfg = Release|Any CPU
		{7E51D9E3-3B1F-44D5-8376-90253690C95A}.Release|Any CPU.Build.0 = Release|Any CPU
		{7E51D9E3-3B1F-44D5-8376-90253690C95A}.Release|Mixed Platforms.ActiveCfg = Release|Any CPU
		{7E51D9E3-3B1F-44D5-8376-90253690C95A}.Release|Mixed Platforms.Build.0 = Release|Any CPU
		{7E51D9E3-3B1F-44D5-8376-90253690C95A}.Release|x86.ActiveCfg = Release|Any CPU
		{DA65B249-9290-4A09-A48C-443A65845583}.Debug|Any CPU.ActiveCfg = Debug|Any CPU
		{DA65B249-9290-4A09-A48C-443A65845583}.Debug|Any CPU.Build.0 = Debug|Any CPU
		{DA65B249-9290-4A09-A48C-443A65845583}.Debug|Mixed Platforms.ActiveCfg = Debug|x86
		{DA65B249-9290-4A09-A48C-443A65845583}.Debug|Mixed Platforms.Build.0 = Debug|x86
		{DA65B249-9290-4A09-A48C-443A65845583}.Debug|x86.ActiveCfg = Debug|x86
		{DA65B249-9290-4A09-A48C-443A65845583}.Debug|x86.Build.0 = Debug|x86
		{DA65B249-9290-4A09-A48C-443A65845583}.Release|Any CPU.ActiveCfg = Release|Any CPU
		{DA65B249-9290-4A09-A48C-443A65845583}.Release|Any CPU.Build.0 = Release|Any CPU
		{DA65B249-9290-4A09-A48C-443A65845583}.Release|Mixed Platforms.ActiveCfg = Release|x86
		{DA65B249-9290-4A09-A48C-443A65845583}.Release|Mixed Platforms.Build.0 = Release|x86
		{DA65B249-9290-4A09-A48C-443A65845583}.Release|x86.ActiveCfg = Release|x86
		{DA65B249-9290-4A09-A48C-443A65845583}.Release|x86.Build.0 = Release|x86
		{76CC55A2-BECE-4F80-B491-DDCAB9F061FB}.Debug|Any CPU.ActiveCfg = Debug|x86
		{76CC55A2-BECE-4F80-B491-DDCAB9F061FB}.Debug|Mixed Platforms.ActiveCfg = Debug|x86
		{76CC55A2-BECE-4F80-B491-DDCAB9F061FB}.Debug|Mixed Platforms.Build.0 = Debug|x86
		{76CC55A2-BECE-4F80-B491-DDCAB9F061FB}.Debug|x86.ActiveCfg = Debug|x86
		{76CC55A2-BECE-4F80-B491-DDCAB9F061FB}.Debug|x86.Build.0 = Debug|x86
		{76CC55A2-BECE-4F80-B491-DDCAB9F061FB}.Release|Any CPU.ActiveCfg = Release|x86
		{76CC55A2-BECE-4F80-B491-DDCAB9F061FB}.Release|Mixed Platforms.ActiveCfg = Release|x86
		{76CC55A2-BECE-4F80-B491-DDCAB9F061FB}.Release|Mixed Platforms.Build.0 = Release|x86
		{76CC55A2-BECE-4F80-B491-DDCAB9F061FB}.Release|x86.ActiveCfg = Release|x86
		{76CC55A2-BECE-4F80-B491-DDCAB9F061FB}.Release|x86.Build.0 = Release|x86
	EndGlobalSection
	GlobalSection(SolutionProperties) = preSolution
		HideSolutionNode = FALSE
	EndGlobalSection
EndGlobal
