Microsoft Visual Studio Solution File, Format Version 12.00
# Visual Studio 2012
Project("{FAE04EC0-301F-11D3-BF4B-00C04F79EFBC}") = "Jypeli.Physics2d.MacOS", "Physics2d\Jypeli.Physics2d.MacOS.csproj", "{C4EFECB3-7397-4DCF-990D-26A0EF6E8445}"
EndProject
Project("{FAE04EC0-301F-11D3-BF4B-00C04F79EFBC}") = "Jypeli.SimplePhysics.MacOS", "SimplePhysics\Jypeli.SimplePhysics.MacOS.csproj", "{C1D0DBDE-071F-4812-81B4-FE39C3DAB581}"
EndProject
Project("{FAE04EC0-301F-11D3-BF4B-00C04F79EFBC}") = "Jypeli.MacOS", "Jypeli\Jypeli.MacOS.csproj", "{21146E75-35F4-4E05-B6E9-E58903D9A4C2}"
EndProject
Project("{FAE04EC0-301F-11D3-BF4B-00C04F79EFBC}") = "Koripallo.MacOS", "Examples\Koripallo\Koripallo.MacOS.csproj", "{69726F4B-6170-6C6C-6F2E-4D61634F534B}"
EndProject
Global
	GlobalSection(SolutionConfigurationPlatforms) = preSolution
		Debug|Any CPU = Debug|Any CPU
		Release|Any CPU = Release|Any CPU
	EndGlobalSection
	GlobalSection(ProjectConfigurationPlatforms) = postSolution
		{C4EFECB3-7397-4DCF-990D-26A0EF6E8445}.Debug|Any CPU.ActiveCfg = Debug|Any CPU
		{C4EFECB3-7397-4DCF-990D-26A0EF6E8445}.Debug|Any CPU.Build.0 = Debug|Any CPU
		{C4EFECB3-7397-4DCF-990D-26A0EF6E8445}.Release|Any CPU.ActiveCfg = Release|Any CPU
		{C4EFECB3-7397-4DCF-990D-26A0EF6E8445}.Release|Any CPU.Build.0 = Release|Any CPU
		{C1D0DBDE-071F-4812-81B4-FE39C3DAB581}.Debug|Any CPU.ActiveCfg = Debug|Any CPU
		{C1D0DBDE-071F-4812-81B4-FE39C3DAB581}.Debug|Any CPU.Build.0 = Debug|Any CPU
		{C1D0DBDE-071F-4812-81B4-FE39C3DAB581}.Release|Any CPU.ActiveCfg = Release|Any CPU
		{C1D0DBDE-071F-4812-81B4-FE39C3DAB581}.Release|Any CPU.Build.0 = Release|Any CPU
		{21146E75-35F4-4E05-B6E9-E58903D9A4C2}.Debug|Any CPU.ActiveCfg = Debug|Any CPU
		{21146E75-35F4-4E05-B6E9-E58903D9A4C2}.Debug|Any CPU.Build.0 = Debug|Any CPU
		{21146E75-35F4-4E05-B6E9-E58903D9A4C2}.Release|Any CPU.ActiveCfg = Release|Any CPU
		{21146E75-35F4-4E05-B6E9-E58903D9A4C2}.Release|Any CPU.Build.0 = Release|Any CPU
		{69726F4B-6170-6C6C-6F2E-4D61634F534B}.Debug|Any CPU.ActiveCfg = Debug|Any CPU
		{69726F4B-6170-6C6C-6F2E-4D61634F534B}.Debug|Any CPU.Build.0 = Debug|Any CPU
		{69726F4B-6170-6C6C-6F2E-4D61634F534B}.Release|Any CPU.ActiveCfg = Release|Any CPU
		{69726F4B-6170-6C6C-6F2E-4D61634F534B}.Release|Any CPU.Build.0 = Release|Any CPU
	EndGlobalSection
EndGlobal
