Microsoft Visual Studio Solution File, Format Version 12.00
# Visual Studio Version 17
VisualStudioVersion = 17.0.31606.5
MinimumVisualStudioVersion = 10.0.40219.1
Project("{9A19103F-16F7-4668-BE54-9A1E7A4F7556}") = "Jypeli", "Jypeli\Jypeli.csproj", "{0CE0EBFA-81E9-4B0A-AEAC-3558BF95C0E0}"
EndProject
Project("{9A19103F-16F7-4668-BE54-9A1E7A4F7556}") = "FarseerPhysics", "FarseerPhysics\FarseerPhysics.csproj", "{14910AE8-DEFC-432C-AA82-4DB8F9DAC5CE}"
EndProject
Project("{2150E333-8FDC-42A3-9474-1A3956D46DE8}") = "Dependencies", "Dependencies", "{8BE3FD62-3AF4-4DAC-824F-972BF02E9779}"
EndProject
Project("{2150E333-8FDC-42A3-9474-1A3956D46DE8}") = "TestProjects", "TestProjects", "{DC335282-9CEC-461A-934F-68E4E9962460}"
EndProject
Project("{9A19103F-16F7-4668-BE54-9A1E7A4F7556}") = "Tasohyppelypeli", "Tests\TasohyppelypeliFarseer\Norsupeli\Tasohyppelypeli.csproj", "{ED552C6C-5B2B-4FF8-871B-4A4977A1C3E8}"
EndProject
Project("{2150E333-8FDC-42A3-9474-1A3956D46DE8}") = "Solution Items", "Solution Items", "{A64C8AEF-F37E-4F88-AEB4-E70DA8C4AFFC}"
	ProjectSection(SolutionItems) = preProject
		.editorconfig = .editorconfig
	EndProjectSection
EndProject
Project("{9A19103F-16F7-4668-BE54-9A1E7A4F7556}") = "Jypeli.Tests", "Tests\Jypeli.Tests\Jypeli.Tests.csproj", "{2478A834-FED1-4125-A732-DEA49BAAA536}"
EndProject
Project("{9A19103F-16F7-4668-BE54-9A1E7A4F7556}") = "Net6Android", "Tests\Net6Android\Net6Android.csproj", "{B9ABB8D8-B990-4F21-9D28-B83E8AEF739E}"
EndProject
Global
	GlobalSection(SolutionConfigurationPlatforms) = preSolution
		Debug|Any CPU = Debug|Any CPU
		Debug|x86 = Debug|x86
		Release|Any CPU = Release|Any CPU
		Release|x86 = Release|x86
	EndGlobalSection
	GlobalSection(ProjectConfigurationPlatforms) = postSolution
		{0CE0EBFA-81E9-4B0A-AEAC-3558BF95C0E0}.Debug|Any CPU.ActiveCfg = Debug|Any CPU
		{0CE0EBFA-81E9-4B0A-AEAC-3558BF95C0E0}.Debug|Any CPU.Build.0 = Debug|Any CPU
		{0CE0EBFA-81E9-4B0A-AEAC-3558BF95C0E0}.Debug|x86.ActiveCfg = Debug|Any CPU
		{0CE0EBFA-81E9-4B0A-AEAC-3558BF95C0E0}.Debug|x86.Build.0 = Debug|Any CPU
		{0CE0EBFA-81E9-4B0A-AEAC-3558BF95C0E0}.Release|Any CPU.ActiveCfg = Release|Any CPU
		{0CE0EBFA-81E9-4B0A-AEAC-3558BF95C0E0}.Release|Any CPU.Build.0 = Release|Any CPU
		{0CE0EBFA-81E9-4B0A-AEAC-3558BF95C0E0}.Release|x86.ActiveCfg = Release|Any CPU
		{0CE0EBFA-81E9-4B0A-AEAC-3558BF95C0E0}.Release|x86.Build.0 = Release|Any CPU
		{14910AE8-DEFC-432C-AA82-4DB8F9DAC5CE}.Debug|Any CPU.ActiveCfg = Debug|Any CPU
		{14910AE8-DEFC-432C-AA82-4DB8F9DAC5CE}.Debug|Any CPU.Build.0 = Debug|Any CPU
		{14910AE8-DEFC-432C-AA82-4DB8F9DAC5CE}.Debug|x86.ActiveCfg = Debug|Any CPU
		{14910AE8-DEFC-432C-AA82-4DB8F9DAC5CE}.Debug|x86.Build.0 = Debug|Any CPU
		{14910AE8-DEFC-432C-AA82-4DB8F9DAC5CE}.Release|Any CPU.ActiveCfg = Release|Any CPU
		{14910AE8-DEFC-432C-AA82-4DB8F9DAC5CE}.Release|Any CPU.Build.0 = Release|Any CPU
		{14910AE8-DEFC-432C-AA82-4DB8F9DAC5CE}.Release|x86.ActiveCfg = Release|Any CPU
		{14910AE8-DEFC-432C-AA82-4DB8F9DAC5CE}.Release|x86.Build.0 = Release|Any CPU
		{ED552C6C-5B2B-4FF8-871B-4A4977A1C3E8}.Debug|Any CPU.ActiveCfg = Debug|Any CPU
		{ED552C6C-5B2B-4FF8-871B-4A4977A1C3E8}.Debug|Any CPU.Build.0 = Debug|Any CPU
		{ED552C6C-5B2B-4FF8-871B-4A4977A1C3E8}.Debug|x86.ActiveCfg = Debug|Any CPU
		{ED552C6C-5B2B-4FF8-871B-4A4977A1C3E8}.Debug|x86.Build.0 = Debug|Any CPU
		{ED552C6C-5B2B-4FF8-871B-4A4977A1C3E8}.Release|Any CPU.ActiveCfg = Release|Any CPU
		{ED552C6C-5B2B-4FF8-871B-4A4977A1C3E8}.Release|Any CPU.Build.0 = Release|Any CPU
		{ED552C6C-5B2B-4FF8-871B-4A4977A1C3E8}.Release|x86.ActiveCfg = Release|Any CPU
		{ED552C6C-5B2B-4FF8-871B-4A4977A1C3E8}.Release|x86.Build.0 = Release|Any CPU
		{2478A834-FED1-4125-A732-DEA49BAAA536}.Debug|Any CPU.ActiveCfg = Debug|Any CPU
		{2478A834-FED1-4125-A732-DEA49BAAA536}.Debug|Any CPU.Build.0 = Debug|Any CPU
		{2478A834-FED1-4125-A732-DEA49BAAA536}.Debug|x86.ActiveCfg = Debug|Any CPU
		{2478A834-FED1-4125-A732-DEA49BAAA536}.Debug|x86.Build.0 = Debug|Any CPU
		{2478A834-FED1-4125-A732-DEA49BAAA536}.Release|Any CPU.ActiveCfg = Release|Any CPU
		{2478A834-FED1-4125-A732-DEA49BAAA536}.Release|Any CPU.Build.0 = Release|Any CPU
		{2478A834-FED1-4125-A732-DEA49BAAA536}.Release|x86.ActiveCfg = Release|Any CPU
		{2478A834-FED1-4125-A732-DEA49BAAA536}.Release|x86.Build.0 = Release|Any CPU
		{B9ABB8D8-B990-4F21-9D28-B83E8AEF739E}.Debug|Any CPU.ActiveCfg = Debug|Any CPU
		{B9ABB8D8-B990-4F21-9D28-B83E8AEF739E}.Debug|Any CPU.Build.0 = Debug|Any CPU
		{B9ABB8D8-B990-4F21-9D28-B83E8AEF739E}.Debug|Any CPU.Deploy.0 = Debug|Any CPU
		{B9ABB8D8-B990-4F21-9D28-B83E8AEF739E}.Debug|x86.ActiveCfg = Debug|Any CPU
		{B9ABB8D8-B990-4F21-9D28-B83E8AEF739E}.Debug|x86.Build.0 = Debug|Any CPU
		{B9ABB8D8-B990-4F21-9D28-B83E8AEF739E}.Debug|x86.Deploy.0 = Debug|Any CPU
		{B9ABB8D8-B990-4F21-9D28-B83E8AEF739E}.Release|Any CPU.ActiveCfg = Release|Any CPU
		{B9ABB8D8-B990-4F21-9D28-B83E8AEF739E}.Release|Any CPU.Build.0 = Release|Any CPU
		{B9ABB8D8-B990-4F21-9D28-B83E8AEF739E}.Release|Any CPU.Deploy.0 = Release|Any CPU
		{B9ABB8D8-B990-4F21-9D28-B83E8AEF739E}.Release|x86.ActiveCfg = Release|Any CPU
		{B9ABB8D8-B990-4F21-9D28-B83E8AEF739E}.Release|x86.Build.0 = Release|Any CPU
		{B9ABB8D8-B990-4F21-9D28-B83E8AEF739E}.Release|x86.Deploy.0 = Release|Any CPU
	EndGlobalSection
	GlobalSection(SolutionProperties) = preSolution
		HideSolutionNode = FALSE
	EndGlobalSection
	GlobalSection(NestedProjects) = preSolution
		{ED552C6C-5B2B-4FF8-871B-4A4977A1C3E8} = {DC335282-9CEC-461A-934F-68E4E9962460}
		{2478A834-FED1-4125-A732-DEA49BAAA536} = {DC335282-9CEC-461A-934F-68E4E9962460}
		{B9ABB8D8-B990-4F21-9D28-B83E8AEF739E} = {DC335282-9CEC-461A-934F-68E4E9962460}
	EndGlobalSection
	GlobalSection(ExtensibilityGlobals) = postSolution
		SolutionGuid = {2E893DBE-1BA1-4FEC-B40D-37995FB065B9}
	EndGlobalSection
EndGlobal
