
Microsoft Visual Studio Solution File, Format Version 12.00
# Visual Studio 15
VisualStudioVersion = 15.0.27130.2010
MinimumVisualStudioVersion = 10.0.40219.1
Project("{FAE04EC0-301F-11D3-BF4B-00C04F79EFBC}") = "MGCBTask", "MGCBTask.csproj", "{9F9FDC11-6253-4471-9EE9-94EA5D52BA02}"
EndProject
Global
	GlobalSection(SolutionConfigurationPlatforms) = preSolution
		Debug|Any CPU = Debug|Any CPU
		Release|Any CPU = Release|Any CPU
	EndGlobalSection
	GlobalSection(ProjectConfigurationPlatforms) = postSolution
		{9F9FDC11-6253-4471-9EE9-94EA5D52BA02}.Debug|Any CPU.ActiveCfg = Debug|Any CPU
		{9F9FDC11-6253-4471-9EE9-94EA5D52BA02}.Debug|Any CPU.Build.0 = Debug|Any CPU
		{9F9FDC11-6253-4471-9EE9-94EA5D52BA02}.Release|Any CPU.ActiveCfg = Release|Any CPU
		{9F9FDC11-6253-4471-9EE9-94EA5D52BA02}.Release|Any CPU.Build.0 = Release|Any CPU
	EndGlobalSection
	GlobalSection(SolutionProperties) = preSolution
		HideSolutionNode = FALSE
	EndGlobalSection
	GlobalSection(ExtensibilityGlobals) = postSolution
		SolutionGuid = {B433772C-EE39-42DA-AD98-93BFAFD820D9}
	EndGlobalSection
EndGlobal
