
Microsoft Visual Studio Solution File, Format Version 11.00
# Visual Studio 2010
Project("{FAE04EC0-301F-11D3-BF4B-00C04F79EFBC}") = "Jypeli-MacOS", "Jypeli-MacOS.csproj", "{21146E75-35F4-4E05-B6E9-E58903D9A4C2}"
EndProject
Project("{FAE04EC0-301F-11D3-BF4B-00C04F79EFBC}") = "Lidgren.Network.MacOS", "..\MonoGame\ThirdParty\Lidgren.Network\Lidgren.Network.MacOS.csproj", "{AE483C29-042E-4226-BA52-D247CE7676DA}"
EndProject
Project("{FAE04EC0-301F-11D3-BF4B-00C04F79EFBC}") = "Jypeli.MonoGame.Framework.MacOS", "..\MonoGame\MonoGame.Framework\Jypeli.MonoGame.Framework.MacOS.csproj", "{C6452FFF-BF4F-42CB-850C-A9C61370A078}"
EndProject
Global
	GlobalSection(SolutionConfigurationPlatforms) = preSolution
		Debug|x86 = Debug|x86
		Release|x86 = Release|x86
		AppStore|x86 = AppStore|x86
		Distribution|Any CPU = Distribution|Any CPU
	EndGlobalSection
	GlobalSection(ProjectConfigurationPlatforms) = postSolution
		{21146E75-35F4-4E05-B6E9-E58903D9A4C2}.AppStore|x86.ActiveCfg = AppStore|x86
		{21146E75-35F4-4E05-B6E9-E58903D9A4C2}.AppStore|x86.Build.0 = AppStore|x86
		{21146E75-35F4-4E05-B6E9-E58903D9A4C2}.Debug|x86.ActiveCfg = Debug|x86
		{21146E75-35F4-4E05-B6E9-E58903D9A4C2}.Debug|x86.Build.0 = Debug|x86
		{21146E75-35F4-4E05-B6E9-E58903D9A4C2}.Distribution|Any CPU.ActiveCfg = Debug|x86
		{21146E75-35F4-4E05-B6E9-E58903D9A4C2}.Distribution|Any CPU.Build.0 = Debug|x86
		{21146E75-35F4-4E05-B6E9-E58903D9A4C2}.Release|x86.ActiveCfg = Release|x86
		{21146E75-35F4-4E05-B6E9-E58903D9A4C2}.Release|x86.Build.0 = Release|x86
		{AE483C29-042E-4226-BA52-D247CE7676DA}.AppStore|x86.ActiveCfg = Release|Any CPU
		{AE483C29-042E-4226-BA52-D247CE7676DA}.AppStore|x86.Build.0 = Release|Any CPU
		{AE483C29-042E-4226-BA52-D247CE7676DA}.Debug|x86.ActiveCfg = Debug|Any CPU
		{AE483C29-042E-4226-BA52-D247CE7676DA}.Debug|x86.Build.0 = Debug|Any CPU
		{AE483C29-042E-4226-BA52-D247CE7676DA}.Distribution|Any CPU.ActiveCfg = Debug|Any CPU
		{AE483C29-042E-4226-BA52-D247CE7676DA}.Distribution|Any CPU.Build.0 = Debug|Any CPU
		{AE483C29-042E-4226-BA52-D247CE7676DA}.Release|x86.ActiveCfg = Release|Any CPU
		{AE483C29-042E-4226-BA52-D247CE7676DA}.Release|x86.Build.0 = Release|Any CPU
		{C6452FFF-BF4F-42CB-850C-A9C61370A078}.AppStore|x86.ActiveCfg = Release|Any CPU
		{C6452FFF-BF4F-42CB-850C-A9C61370A078}.AppStore|x86.Build.0 = Release|Any CPU
		{C6452FFF-BF4F-42CB-850C-A9C61370A078}.Debug|x86.ActiveCfg = Debug|Any CPU
		{C6452FFF-BF4F-42CB-850C-A9C61370A078}.Debug|x86.Build.0 = Debug|Any CPU
		{C6452FFF-BF4F-42CB-850C-A9C61370A078}.Distribution|Any CPU.ActiveCfg = Distribution|Any CPU
		{C6452FFF-BF4F-42CB-850C-A9C61370A078}.Distribution|Any CPU.Build.0 = Distribution|Any CPU
		{C6452FFF-BF4F-42CB-850C-A9C61370A078}.Release|x86.ActiveCfg = Release|Any CPU
		{C6452FFF-BF4F-42CB-850C-A9C61370A078}.Release|x86.Build.0 = Release|Any CPU
	EndGlobalSection
	GlobalSection(MonoDevelopProperties) = preSolution
		StartupItem = Jypeli-MacOS.csproj
		Policies = $0
		$0.DotNetNamingPolicy = $1
		$1.DirectoryNamespaceAssociation = None
		$1.ResourceNamePolicy = FileFormatDefault
		version = 6.0
	EndGlobalSection
EndGlobal
