
Microsoft Visual Studio Solution File, Format Version 11.00
# Visual Studio 2010
Project("{FAE04EC0-301F-11D3-BF4B-00C04F79EFBC}") = "EmptyTest-MacOS", "EmptyTest\EmptyTest-MacOS.csproj", "{C0E5DF6E-6212-4FDD-B7E0-A33ABB41AA7A}"
EndProject
Project("{FAE04EC0-301F-11D3-BF4B-00C04F79EFBC}") = "MonoGame.Framework.MacOS", "..\..\MonoGame\MonoGame.Framework\MonoGame.Framework.MacOS.csproj", "{36C538E6-C32A-4A8D-A39C-566173D7118E}"
EndProject
Project("{FAE04EC0-301F-11D3-BF4B-00C04F79EFBC}") = "Jypeli-MacOS", "..\..\Jypeli\Jypeli-MacOS.csproj", "{21146E75-35F4-4E05-B6E9-E58903D9A4C2}"
EndProject
Project("{FAE04EC0-301F-11D3-BF4B-00C04F79EFBC}") = "Physics2d-MacOS", "..\..\Physics2d\Physics2d-MacOS.csproj", "{C4EFECB3-7397-4DCF-990D-26A0EF6E8445}"
EndProject
Project("{FAE04EC0-301F-11D3-BF4B-00C04F79EFBC}") = "SimplePhysics-MacOS", "..\..\SimplePhysics\SimplePhysics-MacOS.csproj", "{C1D0DBDE-071F-4812-81B4-FE39C3DAB581}"
EndProject
Global
	GlobalSection(SolutionConfigurationPlatforms) = preSolution
		Debug|x86 = Debug|x86
		Release|x86 = Release|x86
		AppStore|x86 = AppStore|x86
	EndGlobalSection
	GlobalSection(ProjectConfigurationPlatforms) = postSolution
		{21146E75-35F4-4E05-B6E9-E58903D9A4C2}.AppStore|x86.ActiveCfg = AppStore|x86
		{21146E75-35F4-4E05-B6E9-E58903D9A4C2}.AppStore|x86.Build.0 = AppStore|x86
		{21146E75-35F4-4E05-B6E9-E58903D9A4C2}.Debug|x86.ActiveCfg = Debug|x86
		{21146E75-35F4-4E05-B6E9-E58903D9A4C2}.Debug|x86.Build.0 = Debug|x86
		{21146E75-35F4-4E05-B6E9-E58903D9A4C2}.Release|x86.ActiveCfg = Release|x86
		{21146E75-35F4-4E05-B6E9-E58903D9A4C2}.Release|x86.Build.0 = Release|x86
		{36C538E6-C32A-4A8D-A39C-566173D7118E}.AppStore|x86.ActiveCfg = Debug|Any CPU
		{36C538E6-C32A-4A8D-A39C-566173D7118E}.AppStore|x86.Build.0 = Debug|Any CPU
		{36C538E6-C32A-4A8D-A39C-566173D7118E}.Debug|x86.ActiveCfg = Debug|Any CPU
		{36C538E6-C32A-4A8D-A39C-566173D7118E}.Debug|x86.Build.0 = Debug|Any CPU
		{36C538E6-C32A-4A8D-A39C-566173D7118E}.Release|x86.ActiveCfg = Release|Any CPU
		{36C538E6-C32A-4A8D-A39C-566173D7118E}.Release|x86.Build.0 = Release|Any CPU
		{C0E5DF6E-6212-4FDD-B7E0-A33ABB41AA7A}.AppStore|x86.ActiveCfg = AppStore|x86
		{C0E5DF6E-6212-4FDD-B7E0-A33ABB41AA7A}.AppStore|x86.Build.0 = AppStore|x86
		{C0E5DF6E-6212-4FDD-B7E0-A33ABB41AA7A}.Debug|x86.ActiveCfg = Debug|x86
		{C0E5DF6E-6212-4FDD-B7E0-A33ABB41AA7A}.Debug|x86.Build.0 = Debug|x86
		{C0E5DF6E-6212-4FDD-B7E0-A33ABB41AA7A}.Release|x86.ActiveCfg = Release|x86
		{C0E5DF6E-6212-4FDD-B7E0-A33ABB41AA7A}.Release|x86.Build.0 = Release|x86
		{C1D0DBDE-071F-4812-81B4-FE39C3DAB581}.AppStore|x86.ActiveCfg = AppStore|x86
		{C1D0DBDE-071F-4812-81B4-FE39C3DAB581}.AppStore|x86.Build.0 = AppStore|x86
		{C1D0DBDE-071F-4812-81B4-FE39C3DAB581}.Debug|x86.ActiveCfg = Debug|x86
		{C1D0DBDE-071F-4812-81B4-FE39C3DAB581}.Debug|x86.Build.0 = Debug|x86
		{C1D0DBDE-071F-4812-81B4-FE39C3DAB581}.Release|x86.ActiveCfg = Release|x86
		{C1D0DBDE-071F-4812-81B4-FE39C3DAB581}.Release|x86.Build.0 = Release|x86
		{C4EFECB3-7397-4DCF-990D-26A0EF6E8445}.AppStore|x86.ActiveCfg = AppStore|x86
		{C4EFECB3-7397-4DCF-990D-26A0EF6E8445}.AppStore|x86.Build.0 = AppStore|x86
		{C4EFECB3-7397-4DCF-990D-26A0EF6E8445}.Debug|x86.ActiveCfg = Debug|x86
		{C4EFECB3-7397-4DCF-990D-26A0EF6E8445}.Debug|x86.Build.0 = Debug|x86
		{C4EFECB3-7397-4DCF-990D-26A0EF6E8445}.Release|x86.ActiveCfg = Release|x86
		{C4EFECB3-7397-4DCF-990D-26A0EF6E8445}.Release|x86.Build.0 = Release|x86
	EndGlobalSection
EndGlobal
