
Microsoft Visual Studio Solution File, Format Version 12.00
# Visual Studio 2013
VisualStudioVersion = 12.0.30723.0
MinimumVisualStudioVersion = 10.0.40219.1
Project("{FAE04EC0-301F-11D3-BF4B-00C04F79EFBC}") = "EmptyTest", "EmptyTest\EmptyTest\EmptyTest.csproj", "{AB69E111-F4EC-4E90-A81C-6BDEF30476AC}"
EndProject
Project("{FAE04EC0-301F-11D3-BF4B-00C04F79EFBC}") = "Jypeli.MonoGame.Framework.WindowsGL", "..\..\MonoGame\MonoGame.Framework\Jypeli.MonoGame.Framework.WindowsGL.csproj", "{DA65B249-9290-4A09-A48C-443A65845583}"
EndProject
Project("{FAE04EC0-301F-11D3-BF4B-00C04F79EFBC}") = "Jypeli-WindowsGL", "..\..\Jypeli\Jypeli-WindowsGL.csproj", "{76CC55A2-BECE-4F80-B491-DDCAB9F061FB}"
EndProject
Project("{FAE04EC0-301F-11D3-BF4B-00C04F79EFBC}") = "Physics2d-WindowsGL", "..\..\Physics2d\Physics2d-WindowsGL.csproj", "{041D26C6-A261-4843-906E-7326AB1DBA4C}"
EndProject
Global
	GlobalSection(SolutionConfigurationPlatforms) = preSolution
		Debug|Any CPU = Debug|Any CPU
		Debug|x86 = Debug|x86
		Release|Any CPU = Release|Any CPU
		Release|x86 = Release|x86
	EndGlobalSection
	GlobalSection(ProjectConfigurationPlatforms) = postSolution
		{AB69E111-F4EC-4E90-A81C-6BDEF30476AC}.Debug|Any CPU.ActiveCfg = Debug|x86
		{AB69E111-F4EC-4E90-A81C-6BDEF30476AC}.Debug|x86.ActiveCfg = Debug|x86
		{AB69E111-F4EC-4E90-A81C-6BDEF30476AC}.Debug|x86.Build.0 = Debug|x86
		{AB69E111-F4EC-4E90-A81C-6BDEF30476AC}.Release|Any CPU.ActiveCfg = Release|x86
		{AB69E111-F4EC-4E90-A81C-6BDEF30476AC}.Release|x86.ActiveCfg = Release|x86
		{AB69E111-F4EC-4E90-A81C-6BDEF30476AC}.Release|x86.Build.0 = Release|x86
		{DA65B249-9290-4A09-A48C-443A65845583}.Debug|Any CPU.ActiveCfg = Debug|Any CPU
		{DA65B249-9290-4A09-A48C-443A65845583}.Debug|Any CPU.Build.0 = Debug|Any CPU
		{DA65B249-9290-4A09-A48C-443A65845583}.Debug|x86.ActiveCfg = Debug|x86
		{DA65B249-9290-4A09-A48C-443A65845583}.Debug|x86.Build.0 = Debug|x86
		{DA65B249-9290-4A09-A48C-443A65845583}.Release|Any CPU.ActiveCfg = Release|Any CPU
		{DA65B249-9290-4A09-A48C-443A65845583}.Release|Any CPU.Build.0 = Release|Any CPU
		{DA65B249-9290-4A09-A48C-443A65845583}.Release|x86.ActiveCfg = Release|x86
		{DA65B249-9290-4A09-A48C-443A65845583}.Release|x86.Build.0 = Release|x86
		{76CC55A2-BECE-4F80-B491-DDCAB9F061FB}.Debug|Any CPU.ActiveCfg = Debug|x86
		{76CC55A2-BECE-4F80-B491-DDCAB9F061FB}.Debug|x86.ActiveCfg = Debug|x86
		{76CC55A2-BECE-4F80-B491-DDCAB9F061FB}.Debug|x86.Build.0 = Debug|x86
		{76CC55A2-BECE-4F80-B491-DDCAB9F061FB}.Release|Any CPU.ActiveCfg = Release|x86
		{76CC55A2-BECE-4F80-B491-DDCAB9F061FB}.Release|x86.ActiveCfg = Release|x86
		{76CC55A2-BECE-4F80-B491-DDCAB9F061FB}.Release|x86.Build.0 = Release|x86
		{041D26C6-A261-4843-906E-7326AB1DBA4C}.Debug|Any CPU.ActiveCfg = Debug|Any CPU
		{041D26C6-A261-4843-906E-7326AB1DBA4C}.Debug|Any CPU.Build.0 = Debug|Any CPU
		{041D26C6-A261-4843-906E-7326AB1DBA4C}.Debug|x86.ActiveCfg = Debug|x86
		{041D26C6-A261-4843-906E-7326AB1DBA4C}.Debug|x86.Build.0 = Debug|x86
		{041D26C6-A261-4843-906E-7326AB1DBA4C}.Release|Any CPU.ActiveCfg = Release|Any CPU
		{041D26C6-A261-4843-906E-7326AB1DBA4C}.Release|Any CPU.Build.0 = Release|Any CPU
		{041D26C6-A261-4843-906E-7326AB1DBA4C}.Release|x86.ActiveCfg = Release|x86
		{041D26C6-A261-4843-906E-7326AB1DBA4C}.Release|x86.Build.0 = Release|x86
	EndGlobalSection
	GlobalSection(SolutionProperties) = preSolution
		HideSolutionNode = FALSE
	EndGlobalSection
EndGlobal
