
Microsoft Visual Studio Solution File, Format Version 12.00
# Visual Studio 2012
Project("{FAE04EC0-301F-11D3-BF4B-00C04F79EFBC}") = "Physics2d-WP8", "Physics2d-WP8.csproj", "{EA4AF887-A85F-4ED4-9AD0-64B34CCAD7D6}"
EndProject
Project("{FAE04EC0-301F-11D3-BF4B-00C04F79EFBC}") = "Jypeli.MonoGame.Framework.WindowsPhone", "..\MonoGame\MonoGame.Framework\Jypeli.MonoGame.Framework.WindowsPhone.csproj", "{EDE62A2B-C873-4F76-8E5C-128B29631586}"
EndProject
Project("{FAE04EC0-301F-11D3-BF4B-00C04F79EFBC}") = "Jypeli-WP8", "..\Jypeli\Jypeli-WP8.csproj", "{86788B50-91AD-480E-8A06-E9C94FD1F07A}"
EndProject
Global
	GlobalSection(SolutionConfigurationPlatforms) = preSolution
		Debug|ARM = Debug|ARM
		Debug|x86 = Debug|x86
		Release|ARM = Release|ARM
		Release|x86 = Release|x86
	EndGlobalSection
	GlobalSection(ProjectConfigurationPlatforms) = postSolution
		{EA4AF887-A85F-4ED4-9AD0-64B34CCAD7D6}.Debug|ARM.ActiveCfg = Debug|ARM
		{EA4AF887-A85F-4ED4-9AD0-64B34CCAD7D6}.Debug|ARM.Build.0 = Debug|ARM
		{EA4AF887-A85F-4ED4-9AD0-64B34CCAD7D6}.Debug|x86.ActiveCfg = Debug|x86
		{EA4AF887-A85F-4ED4-9AD0-64B34CCAD7D6}.Debug|x86.Build.0 = Debug|x86
		{EA4AF887-A85F-4ED4-9AD0-64B34CCAD7D6}.Release|ARM.ActiveCfg = Release|ARM
		{EA4AF887-A85F-4ED4-9AD0-64B34CCAD7D6}.Release|ARM.Build.0 = Release|ARM
		{EA4AF887-A85F-4ED4-9AD0-64B34CCAD7D6}.Release|x86.ActiveCfg = Release|x86
		{EA4AF887-A85F-4ED4-9AD0-64B34CCAD7D6}.Release|x86.Build.0 = Release|x86
		{EDE62A2B-C873-4F76-8E5C-128B29631586}.Debug|ARM.ActiveCfg = Debug|ARM
		{EDE62A2B-C873-4F76-8E5C-128B29631586}.Debug|ARM.Build.0 = Debug|ARM
		{EDE62A2B-C873-4F76-8E5C-128B29631586}.Debug|x86.ActiveCfg = Debug|x86
		{EDE62A2B-C873-4F76-8E5C-128B29631586}.Debug|x86.Build.0 = Debug|x86
		{EDE62A2B-C873-4F76-8E5C-128B29631586}.Release|ARM.ActiveCfg = Release|ARM
		{EDE62A2B-C873-4F76-8E5C-128B29631586}.Release|ARM.Build.0 = Release|ARM
		{EDE62A2B-C873-4F76-8E5C-128B29631586}.Release|x86.ActiveCfg = Release|x86
		{EDE62A2B-C873-4F76-8E5C-128B29631586}.Release|x86.Build.0 = Release|x86
		{86788B50-91AD-480E-8A06-E9C94FD1F07A}.Debug|ARM.ActiveCfg = Debug|ARM
		{86788B50-91AD-480E-8A06-E9C94FD1F07A}.Debug|ARM.Build.0 = Debug|ARM
		{86788B50-91AD-480E-8A06-E9C94FD1F07A}.Debug|x86.ActiveCfg = Debug|x86
		{86788B50-91AD-480E-8A06-E9C94FD1F07A}.Debug|x86.Build.0 = Debug|x86
		{86788B50-91AD-480E-8A06-E9C94FD1F07A}.Release|ARM.ActiveCfg = Release|ARM
		{86788B50-91AD-480E-8A06-E9C94FD1F07A}.Release|ARM.Build.0 = Release|ARM
		{86788B50-91AD-480E-8A06-E9C94FD1F07A}.Release|x86.ActiveCfg = Release|x86
		{86788B50-91AD-480E-8A06-E9C94FD1F07A}.Release|x86.Build.0 = Release|x86
	EndGlobalSection
	GlobalSection(SolutionProperties) = preSolution
		HideSolutionNode = FALSE
	EndGlobalSection
EndGlobal
