
Microsoft Visual Studio Solution File, Format Version 11.00
# Visual Studio 2010
Project("{FAE04EC0-301F-11D3-BF4B-00C04F79EFBC}") = "Physics2d", "Physics2d.csproj", "{041D26C6-A261-4843-906E-7326AB1DBA4C}"
EndProject
Global
	GlobalSection(SolutionConfigurationPlatforms) = preSolution
		Debug|Any CPU = Debug|Any CPU
		Release|Any CPU = Release|Any CPU
	EndGlobalSection
	GlobalSection(ProjectConfigurationPlatforms) = postSolution
		{041D26C6-A261-4843-906E-7326AB1DBA4C}.Debug|Any CPU.ActiveCfg = Debug|Any CPU
		{041D26C6-A261-4843-906E-7326AB1DBA4C}.Release|Any CPU.ActiveCfg = Release|Any CPU
	EndGlobalSection
	GlobalSection(SolutionProperties) = preSolution
		HideSolutionNode = FALSE
	EndGlobalSection
	GlobalSection(MonoDevelopProperties) = preSolution
		StartupItem = Physics2d.csproj
	EndGlobalSection
EndGlobal
