
Microsoft Visual Studio Solution File, Format Version 12.00
# Visual Studio 2012
Project("{FAE04EC0-301F-11D3-BF4B-00C04F79EFBC}") = "Jypeli.MacOS", "Jypeli.MacOS.csproj", "{BF26D0D5-715E-4E05-81F8-663EE7025A7F}"
EndProject
Global
	GlobalSection(SolutionConfigurationPlatforms) = preSolution
		Debug|Any CPU = Debug|Any CPU
		Release|Any CPU = Release|Any CPU
	EndGlobalSection
	GlobalSection(ProjectConfigurationPlatforms) = postSolution
		{BF26D0D5-715E-4E05-81F8-663EE7025A7F}.Debug|Any CPU.ActiveCfg = Debug|Any CPU
		{BF26D0D5-715E-4E05-81F8-663EE7025A7F}.Debug|Any CPU.Build.0 = Debug|Any CPU
		{BF26D0D5-715E-4E05-81F8-663EE7025A7F}.Release|Any CPU.ActiveCfg = Release|Any CPU
		{BF26D0D5-715E-4E05-81F8-663EE7025A7F}.Release|Any CPU.Build.0 = Release|Any CPU
	EndGlobalSection
EndGlobal
