
Microsoft Visual Studio Solution File, Format Version 12.00
# Visual Studio Version 16
VisualStudioVersion = 16.0.29418.71
MinimumVisualStudioVersion = 10.0.40219.1
Project("{9A19103F-16F7-4668-BE54-9A1E7A4F7556}") = "Tasohyppelypeli", "Norsupeli\Tasohyppelypeli.csproj", "{A22156B4-A43C-4D8C-9322-2F62CC27DD43}"
EndProject
Project("{9A19103F-16F7-4668-BE54-9A1E7A4F7556}") = "Jypeli", "..\..\Jypeli\Jypeli.csproj", "{D4832B4F-854B-41ED-9CCC-12D823C94F5C}"
EndProject
Project("{9A19103F-16F7-4668-BE54-9A1E7A4F7556}") = "Jypeli.Physics2d", "..\..\Physics2d\Jypeli.Physics2d.csproj", "{B379D68D-7BC4-43DA-8288-FC097AF943C6}"
EndProject
Project("{9A19103F-16F7-4668-BE54-9A1E7A4F7556}") = "MonoGame.Framework.DesktopGL", "..\..\MonoGame\MonoGame.Framework\MonoGame.Framework.DesktopGL.csproj", "{CC385A22-AEDE-4662-9897-56B667457C4E}"
EndProject
Project("{9A19103F-16F7-4668-BE54-9A1E7A4F7556}") = "FarseerPhysics", "..\..\FarseerPhysics\FarseerPhysics.csproj", "{C3C44282-C93B-40B3-98EF-B5C734AC9B5E}"
EndProject
Project("{9A19103F-16F7-4668-BE54-9A1E7A4F7556}") = "FontStashSharp", "..\..\FontStashSharp\src\FontStashSharp\FontStashSharp.csproj", "{1B1C2B99-4721-4CA8-8E5C-F65729E2B065}"
EndProject
Global
	GlobalSection(SolutionConfigurationPlatforms) = preSolution
		Debug|Any CPU = Debug|Any CPU
		Debug|x86 = Debug|x86
		Release|Any CPU = Release|Any CPU
		Release|x86 = Release|x86
	EndGlobalSection
	GlobalSection(ProjectConfigurationPlatforms) = postSolution
		{A22156B4-A43C-4D8C-9322-2F62CC27DD43}.Debug|Any CPU.ActiveCfg = Debug|Any CPU
		{A22156B4-A43C-4D8C-9322-2F62CC27DD43}.Debug|Any CPU.Build.0 = Debug|Any CPU
		{A22156B4-A43C-4D8C-9322-2F62CC27DD43}.Debug|x86.ActiveCfg = Debug|Any CPU
		{A22156B4-A43C-4D8C-9322-2F62CC27DD43}.Debug|x86.Build.0 = Debug|Any CPU
		{A22156B4-A43C-4D8C-9322-2F62CC27DD43}.Release|Any CPU.ActiveCfg = Release|Any CPU
		{A22156B4-A43C-4D8C-9322-2F62CC27DD43}.Release|Any CPU.Build.0 = Release|Any CPU
		{A22156B4-A43C-4D8C-9322-2F62CC27DD43}.Release|x86.ActiveCfg = Release|Any CPU
		{A22156B4-A43C-4D8C-9322-2F62CC27DD43}.Release|x86.Build.0 = Release|Any CPU
		{D4832B4F-854B-41ED-9CCC-12D823C94F5C}.Debug|Any CPU.ActiveCfg = Debug|Any CPU
		{D4832B4F-854B-41ED-9CCC-12D823C94F5C}.Debug|Any CPU.Build.0 = Debug|Any CPU
		{D4832B4F-854B-41ED-9CCC-12D823C94F5C}.Debug|x86.ActiveCfg = Debug|Any CPU
		{D4832B4F-854B-41ED-9CCC-12D823C94F5C}.Debug|x86.Build.0 = Debug|Any CPU
		{D4832B4F-854B-41ED-9CCC-12D823C94F5C}.Release|Any CPU.ActiveCfg = Release|Any CPU
		{D4832B4F-854B-41ED-9CCC-12D823C94F5C}.Release|Any CPU.Build.0 = Release|Any CPU
		{D4832B4F-854B-41ED-9CCC-12D823C94F5C}.Release|x86.ActiveCfg = Release|Any CPU
		{D4832B4F-854B-41ED-9CCC-12D823C94F5C}.Release|x86.Build.0 = Release|Any CPU
		{B379D68D-7BC4-43DA-8288-FC097AF943C6}.Debug|Any CPU.ActiveCfg = Debug|Any CPU
		{B379D68D-7BC4-43DA-8288-FC097AF943C6}.Debug|Any CPU.Build.0 = Debug|Any CPU
		{B379D68D-7BC4-43DA-8288-FC097AF943C6}.Debug|x86.ActiveCfg = Debug|Any CPU
		{B379D68D-7BC4-43DA-8288-FC097AF943C6}.Debug|x86.Build.0 = Debug|Any CPU
		{B379D68D-7BC4-43DA-8288-FC097AF943C6}.Release|Any CPU.ActiveCfg = Release|Any CPU
		{B379D68D-7BC4-43DA-8288-FC097AF943C6}.Release|Any CPU.Build.0 = Release|Any CPU
		{B379D68D-7BC4-43DA-8288-FC097AF943C6}.Release|x86.ActiveCfg = Release|Any CPU
		{B379D68D-7BC4-43DA-8288-FC097AF943C6}.Release|x86.Build.0 = Release|Any CPU
		{CC385A22-AEDE-4662-9897-56B667457C4E}.Debug|Any CPU.ActiveCfg = Debug|Any CPU
		{CC385A22-AEDE-4662-9897-56B667457C4E}.Debug|Any CPU.Build.0 = Debug|Any CPU
		{CC385A22-AEDE-4662-9897-56B667457C4E}.Debug|x86.ActiveCfg = Debug|Any CPU
		{CC385A22-AEDE-4662-9897-56B667457C4E}.Debug|x86.Build.0 = Debug|Any CPU
		{CC385A22-AEDE-4662-9897-56B667457C4E}.Release|Any CPU.ActiveCfg = Release|Any CPU
		{CC385A22-AEDE-4662-9897-56B667457C4E}.Release|Any CPU.Build.0 = Release|Any CPU
		{CC385A22-AEDE-4662-9897-56B667457C4E}.Release|x86.ActiveCfg = Release|Any CPU
		{CC385A22-AEDE-4662-9897-56B667457C4E}.Release|x86.Build.0 = Release|Any CPU
		{C3C44282-C93B-40B3-98EF-B5C734AC9B5E}.Debug|Any CPU.ActiveCfg = Debug|Any CPU
		{C3C44282-C93B-40B3-98EF-B5C734AC9B5E}.Debug|Any CPU.Build.0 = Debug|Any CPU
		{C3C44282-C93B-40B3-98EF-B5C734AC9B5E}.Debug|x86.ActiveCfg = Debug|Any CPU
		{C3C44282-C93B-40B3-98EF-B5C734AC9B5E}.Debug|x86.Build.0 = Debug|Any CPU
		{C3C44282-C93B-40B3-98EF-B5C734AC9B5E}.Release|Any CPU.ActiveCfg = Release|Any CPU
		{C3C44282-C93B-40B3-98EF-B5C734AC9B5E}.Release|Any CPU.Build.0 = Release|Any CPU
		{C3C44282-C93B-40B3-98EF-B5C734AC9B5E}.Release|x86.ActiveCfg = Release|Any CPU
		{C3C44282-C93B-40B3-98EF-B5C734AC9B5E}.Release|x86.Build.0 = Release|Any CPU
		{1B1C2B99-4721-4CA8-8E5C-F65729E2B065}.Debug|Any CPU.ActiveCfg = Debug|Any CPU
		{1B1C2B99-4721-4CA8-8E5C-F65729E2B065}.Debug|Any CPU.Build.0 = Debug|Any CPU
		{1B1C2B99-4721-4CA8-8E5C-F65729E2B065}.Debug|x86.ActiveCfg = Debug|Any CPU
		{1B1C2B99-4721-4CA8-8E5C-F65729E2B065}.Debug|x86.Build.0 = Debug|Any CPU
		{1B1C2B99-4721-4CA8-8E5C-F65729E2B065}.Release|Any CPU.ActiveCfg = Release|Any CPU
		{1B1C2B99-4721-4CA8-8E5C-F65729E2B065}.Release|Any CPU.Build.0 = Release|Any CPU
		{1B1C2B99-4721-4CA8-8E5C-F65729E2B065}.Release|x86.ActiveCfg = Release|Any CPU
		{1B1C2B99-4721-4CA8-8E5C-F65729E2B065}.Release|x86.Build.0 = Release|Any CPU
	EndGlobalSection
	GlobalSection(SolutionProperties) = preSolution
		HideSolutionNode = FALSE
	EndGlobalSection
	GlobalSection(ExtensibilityGlobals) = postSolution
		SolutionGuid = {6DC5B572-46FD-4CDB-BCA1-F718FF487C55}
	EndGlobalSection
EndGlobal
