
Microsoft Visual Studio Solution File, Format Version 12.00
# Visual Studio 14
VisualStudioVersion = 14.0.24720.0
MinimumVisualStudioVersion = 10.0.40219.1
Project("{FAE04EC0-301F-11D3-BF4B-00C04F79EFBC}") = "MonoGame.Framework.Windows10Universal", "MonoGame.Framework\MonoGame.Framework.Windows10Universal.csproj", "{A42CAD77-9134-4FE9-B0D5-77ED5207775D}"
EndProject
Global
	GlobalSection(SolutionConfigurationPlatforms) = preSolution
		Debug|Any CPU = Debug|Any CPU
		Debug|ARM = Debug|ARM
		Debug|x64 = Debug|x64
		Debug|x86 = Debug|x86
		Release|Any CPU = Release|Any CPU
		Release|ARM = Release|ARM
		Release|x64 = Release|x64
		Release|x86 = Release|x86
	EndGlobalSection
	GlobalSection(ProjectConfigurationPlatforms) = postSolution
		{A42CAD77-9134-4FE9-B0D5-77ED5207775D}.Debug|Any CPU.ActiveCfg = Debug|Any CPU
		{A42CAD77-9134-4FE9-B0D5-77ED5207775D}.Debug|Any CPU.Build.0 = Debug|Any CPU
		{A42CAD77-9134-4FE9-B0D5-77ED5207775D}.Debug|ARM.ActiveCfg = Debug|ARM
		{A42CAD77-9134-4FE9-B0D5-77ED5207775D}.Debug|ARM.Build.0 = Debug|ARM
		{A42CAD77-9134-4FE9-B0D5-77ED5207775D}.Debug|x64.ActiveCfg = Debug|x64
		{A42CAD77-9134-4FE9-B0D5-77ED5207775D}.Debug|x64.Build.0 = Debug|x64
		{A42CAD77-9134-4FE9-B0D5-77ED5207775D}.Debug|x86.ActiveCfg = Debug|x86
		{A42CAD77-9134-4FE9-B0D5-77ED5207775D}.Debug|x86.Build.0 = Debug|x86
		{A42CAD77-9134-4FE9-B0D5-77ED5207775D}.Release|Any CPU.ActiveCfg = Release|Any CPU
		{A42CAD77-9134-4FE9-B0D5-77ED5207775D}.Release|Any CPU.Build.0 = Release|Any CPU
		{A42CAD77-9134-4FE9-B0D5-77ED5207775D}.Release|ARM.ActiveCfg = Release|ARM
		{A42CAD77-9134-4FE9-B0D5-77ED5207775D}.Release|ARM.Build.0 = Release|ARM
		{A42CAD77-9134-4FE9-B0D5-77ED5207775D}.Release|x64.ActiveCfg = Release|x64
		{A42CAD77-9134-4FE9-B0D5-77ED5207775D}.Release|x64.Build.0 = Release|x64
		{A42CAD77-9134-4FE9-B0D5-77ED5207775D}.Release|x86.ActiveCfg = Release|x86
		{A42CAD77-9134-4FE9-B0D5-77ED5207775D}.Release|x86.Build.0 = Release|x86
	EndGlobalSection
	GlobalSection(SolutionProperties) = preSolution
		HideSolutionNode = FALSE
	EndGlobalSection
EndGlobal
