
Microsoft Visual Studio Solution File, Format Version 12.00
# Visual Studio 2012
Project("{FAE04EC0-301F-11D3-BF4B-00C04F79EFBC}") = "Tasohyppely", "Tasohyppely.csproj", "{921312B1-96C0-45BD-8EC2-72ACC1795FEB}"
EndProject
Project("{FAE04EC0-301F-11D3-BF4B-00C04F79EFBC}") = "Jypeli-WindowsGL", "..\..\Jypeli\Jypeli-WindowsGL.csproj", "{76CC55A2-BECE-4F80-B491-DDCAB9F061FB}"
EndProject
Project("{FAE04EC0-301F-11D3-BF4B-00C04F79EFBC}") = "Physics2d-WindowsGL", "..\..\Physics2d\Physics2d-WindowsGL.csproj", "{041D26C6-A261-4843-906E-7326AB1DBA4C}"
EndProject
Project("{FAE04EC0-301F-11D3-BF4B-00C04F79EFBC}") = "Jypeli.MonoGame.Framework.WindowsGL", "..\..\MonoGame\MonoGame.Framework\Jypeli.MonoGame.Framework.WindowsGL.csproj", "{DA65B249-9290-4A09-A48C-443A65845583}"
EndProject
Global
	GlobalSection(SolutionConfigurationPlatforms) = preSolution
		Debug|Any CPU = Debug|Any CPU
		Debug|Mixed Platforms = Debug|Mixed Platforms
		Debug|x86 = Debug|x86
		Release|Any CPU = Release|Any CPU
		Release|Mixed Platforms = Release|Mixed Platforms
		Release|x86 = Release|x86
	EndGlobalSection
	GlobalSection(ProjectConfigurationPlatforms) = postSolution
		{921312B1-96C0-45BD-8EC2-72ACC1795FEB}.Debug|Any CPU.ActiveCfg = Debug|x86
		{921312B1-96C0-45BD-8EC2-72ACC1795FEB}.Debug|Mixed Platforms.ActiveCfg = Debug|x86
		{921312B1-96C0-45BD-8EC2-72ACC1795FEB}.Debug|Mixed Platforms.Build.0 = Debug|x86
		{921312B1-96C0-45BD-8EC2-72ACC1795FEB}.Debug|x86.ActiveCfg = Debug|x86
		{921312B1-96C0-45BD-8EC2-72ACC1795FEB}.Debug|x86.Build.0 = Debug|x86
		{921312B1-96C0-45BD-8EC2-72ACC1795FEB}.Release|Any CPU.ActiveCfg = Release|x86
		{921312B1-96C0-45BD-8EC2-72ACC1795FEB}.Release|Mixed Platforms.ActiveCfg = Release|x86
		{921312B1-96C0-45BD-8EC2-72ACC1795FEB}.Release|Mixed Platforms.Build.0 = Release|x86
		{921312B1-96C0-45BD-8EC2-72ACC1795FEB}.Release|x86.ActiveCfg = Release|x86
		{921312B1-96C0-45BD-8EC2-72ACC1795FEB}.Release|x86.Build.0 = Release|x86
		{76CC55A2-BECE-4F80-B491-DDCAB9F061FB}.Debug|Any CPU.ActiveCfg = Debug|x86
		{76CC55A2-BECE-4F80-B491-DDCAB9F061FB}.Debug|Mixed Platforms.ActiveCfg = Debug|x86
		{76CC55A2-BECE-4F80-B491-DDCAB9F061FB}.Debug|Mixed Platforms.Build.0 = Debug|x86
		{76CC55A2-BECE-4F80-B491-DDCAB9F061FB}.Debug|x86.ActiveCfg = Debug|x86
		{76CC55A2-BECE-4F80-B491-DDCAB9F061FB}.Debug|x86.Build.0 = Debug|x86
		{76CC55A2-BECE-4F80-B491-DDCAB9F061FB}.Release|Any CPU.ActiveCfg = Release|x86
		{76CC55A2-BECE-4F80-B491-DDCAB9F061FB}.Release|Mixed Platforms.ActiveCfg = Release|x86
		{76CC55A2-BECE-4F80-B491-DDCAB9F061FB}.Release|Mixed Platforms.Build.0 = Release|x86
		{76CC55A2-BECE-4F80-B491-DDCAB9F061FB}.Release|x86.ActiveCfg = Release|x86
		{76CC55A2-BECE-4F80-B491-DDCAB9F061FB}.Release|x86.Build.0 = Release|x86
		{041D26C6-A261-4843-906E-7326AB1DBA4C}.Debug|Any CPU.ActiveCfg = Debug|Any CPU
		{041D26C6-A261-4843-906E-7326AB1DBA4C}.Debug|Any CPU.Build.0 = Debug|Any CPU
		{041D26C6-A261-4843-906E-7326AB1DBA4C}.Debug|Mixed Platforms.ActiveCfg = Debug|x86
		{041D26C6-A261-4843-906E-7326AB1DBA4C}.Debug|Mixed Platforms.Build.0 = Debug|x86
		{041D26C6-A261-4843-906E-7326AB1DBA4C}.Debug|x86.ActiveCfg = Debug|x86
		{041D26C6-A261-4843-906E-7326AB1DBA4C}.Debug|x86.Build.0 = Debug|x86
		{041D26C6-A261-4843-906E-7326AB1DBA4C}.Release|Any CPU.ActiveCfg = Release|Any CPU
		{041D26C6-A261-4843-906E-7326AB1DBA4C}.Release|Any CPU.Build.0 = Release|Any CPU
		{041D26C6-A261-4843-906E-7326AB1DBA4C}.Release|Mixed Platforms.ActiveCfg = Release|x86
		{041D26C6-A261-4843-906E-7326AB1DBA4C}.Release|Mixed Platforms.Build.0 = Release|x86
		{041D26C6-A261-4843-906E-7326AB1DBA4C}.Release|x86.ActiveCfg = Release|x86
		{041D26C6-A261-4843-906E-7326AB1DBA4C}.Release|x86.Build.0 = Release|x86
		{DA65B249-9290-4A09-A48C-443A65845583}.Debug|Any CPU.ActiveCfg = Debug|Any CPU
		{DA65B249-9290-4A09-A48C-443A65845583}.Debug|Any CPU.Build.0 = Debug|Any CPU
		{DA65B249-9290-4A09-A48C-443A65845583}.Debug|Mixed Platforms.ActiveCfg = Debug|x86
		{DA65B249-9290-4A09-A48C-443A65845583}.Debug|Mixed Platforms.Build.0 = Debug|x86
		{DA65B249-9290-4A09-A48C-443A65845583}.Debug|x86.ActiveCfg = Debug|x86
		{DA65B249-9290-4A09-A48C-443A65845583}.Debug|x86.Build.0 = Debug|x86
		{DA65B249-9290-4A09-A48C-443A65845583}.Release|Any CPU.ActiveCfg = Release|Any CPU
		{DA65B249-9290-4A09-A48C-443A65845583}.Release|Any CPU.Build.0 = Release|Any CPU
		{DA65B249-9290-4A09-A48C-443A65845583}.Release|Mixed Platforms.ActiveCfg = Release|x86
		{DA65B249-9290-4A09-A48C-443A65845583}.Release|Mixed Platforms.Build.0 = Release|x86
		{DA65B249-9290-4A09-A48C-443A65845583}.Release|x86.ActiveCfg = Release|x86
		{DA65B249-9290-4A09-A48C-443A65845583}.Release|x86.Build.0 = Release|x86
	EndGlobalSection
	GlobalSection(SolutionProperties) = preSolution
		HideSolutionNode = FALSE
	EndGlobalSection
EndGlobal
