
Microsoft Visual Studio Solution File, Format Version 11.00
# Visual Studio 2010
Project("{FAE04EC0-301F-11D3-BF4B-00C04F79EFBC}") = "Koripallo", "Koripallo\Koripallo.csproj", "{E5BAAC86-3874-48A3-B7AD-1E52AA94691C}"
EndProject
Project("{FAE04EC0-301F-11D3-BF4B-00C04F79EFBC}") = "Lidgren.Network.MacOS", "..\..\MonoGame\ThirdParty\Lidgren.Network\Lidgren.Network.MacOS.csproj", "{AE483C29-042E-4226-BA52-D247CE7676DA}"
EndProject
Project("{FAE04EC0-301F-11D3-BF4B-00C04F79EFBC}") = "Jypeli.MonoGame.Framework.MacOS", "..\..\MonoGame\MonoGame.Framework\Jypeli.MonoGame.Framework.MacOS.csproj", "{C6452FFF-BF4F-42CB-850C-A9C61370A078}"
EndProject
Project("{FAE04EC0-301F-11D3-BF4B-00C04F79EFBC}") = "Jypeli-MacOS", "..\..\Jypeli\Jypeli-MacOS.csproj", "{21146E75-35F4-4E05-B6E9-E58903D9A4C2}"
EndProject
Project("{FAE04EC0-301F-11D3-BF4B-00C04F79EFBC}") = "SimplePhysics-MacOS", "..\..\SimplePhysics\SimplePhysics-MacOS.csproj", "{C1D0DBDE-071F-4812-81B4-FE39C3DAB581}"
EndProject
Project("{FAE04EC0-301F-11D3-BF4B-00C04F79EFBC}") = "Physics2d-MacOS", "..\..\Physics2d\Physics2d-MacOS.csproj", "{C4EFECB3-7397-4DCF-990D-26A0EF6E8445}"
EndProject
Global
	GlobalSection(SolutionConfigurationPlatforms) = preSolution
		Debug|x86 = Debug|x86
		Release|x86 = Release|x86
		AppStore|x86 = AppStore|x86
		Distribution|Any CPU = Distribution|Any CPU
	EndGlobalSection
	GlobalSection(ProjectConfigurationPlatforms) = postSolution
		{21146E75-35F4-4E05-B6E9-E58903D9A4C2}.AppStore|x86.ActiveCfg = AppStore|x86
		{21146E75-35F4-4E05-B6E9-E58903D9A4C2}.AppStore|x86.Build.0 = AppStore|x86
		{21146E75-35F4-4E05-B6E9-E58903D9A4C2}.Debug|x86.ActiveCfg = Debug|x86
		{21146E75-35F4-4E05-B6E9-E58903D9A4C2}.Debug|x86.Build.0 = Debug|x86
		{21146E75-35F4-4E05-B6E9-E58903D9A4C2}.Distribution|Any CPU.ActiveCfg = Debug|x86
		{21146E75-35F4-4E05-B6E9-E58903D9A4C2}.Distribution|Any CPU.Build.0 = Debug|x86
		{21146E75-35F4-4E05-B6E9-E58903D9A4C2}.Release|x86.ActiveCfg = Release|x86
		{21146E75-35F4-4E05-B6E9-E58903D9A4C2}.Release|x86.Build.0 = Release|x86
		{AE483C29-042E-4226-BA52-D247CE7676DA}.AppStore|x86.ActiveCfg = Release|Any CPU
		{AE483C29-042E-4226-BA52-D247CE7676DA}.AppStore|x86.Build.0 = Release|Any CPU
		{AE483C29-042E-4226-BA52-D247CE7676DA}.Debug|x86.ActiveCfg = Debug|Any CPU
		{AE483C29-042E-4226-BA52-D247CE7676DA}.Debug|x86.Build.0 = Debug|Any CPU
		{AE483C29-042E-4226-BA52-D247CE7676DA}.Distribution|Any CPU.ActiveCfg = Debug|Any CPU
		{AE483C29-042E-4226-BA52-D247CE7676DA}.Distribution|Any CPU.Build.0 = Debug|Any CPU
		{AE483C29-042E-4226-BA52-D247CE7676DA}.Release|x86.ActiveCfg = Release|Any CPU
		{AE483C29-042E-4226-BA52-D247CE7676DA}.Release|x86.Build.0 = Release|Any CPU
		{C1D0DBDE-071F-4812-81B4-FE39C3DAB581}.AppStore|x86.ActiveCfg = AppStore|x86
		{C1D0DBDE-071F-4812-81B4-FE39C3DAB581}.AppStore|x86.Build.0 = AppStore|x86
		{C1D0DBDE-071F-4812-81B4-FE39C3DAB581}.Debug|x86.ActiveCfg = Debug|x86
		{C1D0DBDE-071F-4812-81B4-FE39C3DAB581}.Debug|x86.Build.0 = Debug|x86
		{C1D0DBDE-071F-4812-81B4-FE39C3DAB581}.Distribution|Any CPU.ActiveCfg = Debug|x86
		{C1D0DBDE-071F-4812-81B4-FE39C3DAB581}.Distribution|Any CPU.Build.0 = Debug|x86
		{C1D0DBDE-071F-4812-81B4-FE39C3DAB581}.Release|x86.ActiveCfg = Release|x86
		{C1D0DBDE-071F-4812-81B4-FE39C3DAB581}.Release|x86.Build.0 = Release|x86
		{C4EFECB3-7397-4DCF-990D-26A0EF6E8445}.AppStore|x86.ActiveCfg = AppStore|x86
		{C4EFECB3-7397-4DCF-990D-26A0EF6E8445}.AppStore|x86.Build.0 = AppStore|x86
		{C4EFECB3-7397-4DCF-990D-26A0EF6E8445}.Debug|x86.ActiveCfg = Debug|x86
		{C4EFECB3-7397-4DCF-990D-26A0EF6E8445}.Debug|x86.Build.0 = Debug|x86
		{C4EFECB3-7397-4DCF-990D-26A0EF6E8445}.Distribution|Any CPU.ActiveCfg = Debug|x86
		{C4EFECB3-7397-4DCF-990D-26A0EF6E8445}.Distribution|Any CPU.Build.0 = Debug|x86
		{C4EFECB3-7397-4DCF-990D-26A0EF6E8445}.Release|x86.ActiveCfg = Release|x86
		{C4EFECB3-7397-4DCF-990D-26A0EF6E8445}.Release|x86.Build.0 = Release|x86
		{C6452FFF-BF4F-42CB-850C-A9C61370A078}.AppStore|x86.ActiveCfg = Release|Any CPU
		{C6452FFF-BF4F-42CB-850C-A9C61370A078}.AppStore|x86.Build.0 = Release|Any CPU
		{C6452FFF-BF4F-42CB-850C-A9C61370A078}.Debug|x86.ActiveCfg = Debug|Any CPU
		{C6452FFF-BF4F-42CB-850C-A9C61370A078}.Debug|x86.Build.0 = Debug|Any CPU
		{C6452FFF-BF4F-42CB-850C-A9C61370A078}.Distribution|Any CPU.ActiveCfg = Distribution|Any CPU
		{C6452FFF-BF4F-42CB-850C-A9C61370A078}.Distribution|Any CPU.Build.0 = Distribution|Any CPU
		{C6452FFF-BF4F-42CB-850C-A9C61370A078}.Release|x86.ActiveCfg = Release|Any CPU
		{C6452FFF-BF4F-42CB-850C-A9C61370A078}.Release|x86.Build.0 = Release|Any CPU
		{E5BAAC86-3874-48A3-B7AD-1E52AA94691C}.AppStore|x86.ActiveCfg = AppStore|x86
		{E5BAAC86-3874-48A3-B7AD-1E52AA94691C}.AppStore|x86.Build.0 = AppStore|x86
		{E5BAAC86-3874-48A3-B7AD-1E52AA94691C}.Debug|x86.ActiveCfg = Debug|x86
		{E5BAAC86-3874-48A3-B7AD-1E52AA94691C}.Debug|x86.Build.0 = Debug|x86
		{E5BAAC86-3874-48A3-B7AD-1E52AA94691C}.Distribution|Any CPU.ActiveCfg = Debug|x86
		{E5BAAC86-3874-48A3-B7AD-1E52AA94691C}.Distribution|Any CPU.Build.0 = Debug|x86
		{E5BAAC86-3874-48A3-B7AD-1E52AA94691C}.Release|x86.ActiveCfg = Release|x86
		{E5BAAC86-3874-48A3-B7AD-1E52AA94691C}.Release|x86.Build.0 = Release|x86
	EndGlobalSection
	GlobalSection(MonoDevelopProperties) = preSolution
		StartupItem = Koripallo\Koripallo.csproj
	EndGlobalSection
EndGlobal
