
Microsoft Visual Studio Solution File, Format Version 12.00
# Visual Studio 2012
Project("{FAE04EC0-301F-11D3-BF4B-00C04F79EFBC}") = "Jypeli-WindowsGL", "Jypeli-WindowsGL.csproj", "{76CC55A2-BECE-4F80-B491-DDCAB9F061FB}"
	ProjectSection(ProjectDependencies) = postProject
		{AE483C29-042E-4226-BA52-D247CE7676DA} = {AE483C29-042E-4226-BA52-D247CE7676DA}
	EndProjectSection
EndProject
Project("{FAE04EC0-301F-11D3-BF4B-00C04F79EFBC}") = "Lidgren.Network.Windows", "..\MonoGame\ThirdParty\Lidgren.Network\Lidgren.Network.Windows.csproj", "{AE483C29-042E-4226-BA52-D247CE7676DA}"
EndProject
Project("{FAE04EC0-301F-11D3-BF4B-00C04F79EFBC}") = "Jypeli.MonoGame.Framework.WindowsGL", "..\MonoGame\MonoGame.Framework\Jypeli.MonoGame.Framework.WindowsGL.csproj", "{DA65B249-9290-4A09-A48C-443A65845583}"
EndProject
Global
	GlobalSection(SolutionConfigurationPlatforms) = preSolution
		Debug|x86 = Debug|x86
		Release|x86 = Release|x86
	EndGlobalSection
	GlobalSection(ProjectConfigurationPlatforms) = postSolution
		{76CC55A2-BECE-4F80-B491-DDCAB9F061FB}.Debug|x86.ActiveCfg = Debug|x86
		{76CC55A2-BECE-4F80-B491-DDCAB9F061FB}.Debug|x86.Build.0 = Debug|x86
		{76CC55A2-BECE-4F80-B491-DDCAB9F061FB}.Release|x86.ActiveCfg = Release|x86
		{76CC55A2-BECE-4F80-B491-DDCAB9F061FB}.Release|x86.Build.0 = Release|x86
		{AE483C29-042E-4226-BA52-D247CE7676DA}.Debug|x86.ActiveCfg = Debug|Any CPU
		{AE483C29-042E-4226-BA52-D247CE7676DA}.Debug|x86.Build.0 = Debug|Any CPU
		{AE483C29-042E-4226-BA52-D247CE7676DA}.Release|x86.ActiveCfg = Release|Any CPU
		{AE483C29-042E-4226-BA52-D247CE7676DA}.Release|x86.Build.0 = Release|Any CPU
		{DA65B249-9290-4A09-A48C-443A65845583}.Debug|x86.ActiveCfg = Debug|x86
		{DA65B249-9290-4A09-A48C-443A65845583}.Debug|x86.Build.0 = Debug|x86
		{DA65B249-9290-4A09-A48C-443A65845583}.Release|x86.ActiveCfg = Release|x86
		{DA65B249-9290-4A09-A48C-443A65845583}.Release|x86.Build.0 = Release|x86
	EndGlobalSection
	GlobalSection(SolutionProperties) = preSolution
		HideSolutionNode = FALSE
	EndGlobalSection
EndGlobal
