
Microsoft Visual Studio Solution File, Format Version 12.00
# Visual Studio 2012
Project("{FAE04EC0-301F-11D3-BF4B-00C04F79EFBC}") = "XnaPong", "XnaPong.csproj", "{DF32AA3A-FDC8-4218-8E9B-2F398D7D9BEF}"
EndProject
Global
	GlobalSection(SolutionConfigurationPlatforms) = preSolution
		Debug|Any CPU = Debug|Any CPU
		Debug|ARM = Debug|ARM
		Debug|x64 = Debug|x64
		Debug|x86 = Debug|x86
		Release|Any CPU = Release|Any CPU
		Release|ARM = Release|ARM
		Release|x64 = Release|x64
		Release|x86 = Release|x86
	EndGlobalSection
	GlobalSection(ProjectConfigurationPlatforms) = postSolution
		{DF32AA3A-FDC8-4218-8E9B-2F398D7D9BEF}.Debug|Any CPU.ActiveCfg = Debug|Any CPU
		{DF32AA3A-FDC8-4218-8E9B-2F398D7D9BEF}.Debug|Any CPU.Build.0 = Debug|Any CPU
		{DF32AA3A-FDC8-4218-8E9B-2F398D7D9BEF}.Debug|Any CPU.Deploy.0 = Debug|Any CPU
		{DF32AA3A-FDC8-4218-8E9B-2F398D7D9BEF}.Debug|ARM.ActiveCfg = Debug|ARM
		{DF32AA3A-FDC8-4218-8E9B-2F398D7D9BEF}.Debug|ARM.Build.0 = Debug|ARM
		{DF32AA3A-FDC8-4218-8E9B-2F398D7D9BEF}.Debug|ARM.Deploy.0 = Debug|ARM
		{DF32AA3A-FDC8-4218-8E9B-2F398D7D9BEF}.Debug|x64.ActiveCfg = Debug|x64
		{DF32AA3A-FDC8-4218-8E9B-2F398D7D9BEF}.Debug|x64.Build.0 = Debug|x64
		{DF32AA3A-FDC8-4218-8E9B-2F398D7D9BEF}.Debug|x64.Deploy.0 = Debug|x64
		{DF32AA3A-FDC8-4218-8E9B-2F398D7D9BEF}.Debug|x86.ActiveCfg = Debug|x86
		{DF32AA3A-FDC8-4218-8E9B-2F398D7D9BEF}.Debug|x86.Build.0 = Debug|x86
		{DF32AA3A-FDC8-4218-8E9B-2F398D7D9BEF}.Debug|x86.Deploy.0 = Debug|x86
		{DF32AA3A-FDC8-4218-8E9B-2F398D7D9BEF}.Release|Any CPU.ActiveCfg = Release|Any CPU
		{DF32AA3A-FDC8-4218-8E9B-2F398D7D9BEF}.Release|Any CPU.Build.0 = Release|Any CPU
		{DF32AA3A-FDC8-4218-8E9B-2F398D7D9BEF}.Release|Any CPU.Deploy.0 = Release|Any CPU
		{DF32AA3A-FDC8-4218-8E9B-2F398D7D9BEF}.Release|ARM.ActiveCfg = Release|ARM
		{DF32AA3A-FDC8-4218-8E9B-2F398D7D9BEF}.Release|ARM.Build.0 = Release|ARM
		{DF32AA3A-FDC8-4218-8E9B-2F398D7D9BEF}.Release|ARM.Deploy.0 = Release|ARM
		{DF32AA3A-FDC8-4218-8E9B-2F398D7D9BEF}.Release|x64.ActiveCfg = Release|x64
		{DF32AA3A-FDC8-4218-8E9B-2F398D7D9BEF}.Release|x64.Build.0 = Release|x64
		{DF32AA3A-FDC8-4218-8E9B-2F398D7D9BEF}.Release|x64.Deploy.0 = Release|x64
		{DF32AA3A-FDC8-4218-8E9B-2F398D7D9BEF}.Release|x86.ActiveCfg = Release|x86
		{DF32AA3A-FDC8-4218-8E9B-2F398D7D9BEF}.Release|x86.Build.0 = Release|x86
		{DF32AA3A-FDC8-4218-8E9B-2F398D7D9BEF}.Release|x86.Deploy.0 = Release|x86
	EndGlobalSection
	GlobalSection(SolutionProperties) = preSolution
		HideSolutionNode = FALSE
	EndGlobalSection
EndGlobal
